// !$*UTF8*$!
{
	archiveVersion = 1;
	classes = {
	};
	objectVersion = 77;
	objects = {

/* Begin PBXBuildFile section */
		FF03B2552F1CF1F800BDF52C /* promotion.json in Resources */ = {isa = PBXBuildFile; fileRef = FF03B2542F1CF1F800BDF52C /* promotion.json */; };
		FFFEA6CA2F19733F00F4E9BC /* data.json in Resources */ = {isa = PBXBuildFile; fileRef = FFFEA6C92F19733A00F4E9BC /* data.json */; };
/* End PBXBuildFile section */

/* Begin PBXContainerItemProxy section */
		FF69B7382F19098B00B96AA7 /* PBXContainerItemProxy */ = {
			isa = PBXContainerItemProxy;
			containerPortal = FF69B7202F19098A00B96AA7 /* Project object */;
			proxyType = 1;
			remoteGlobalIDString = FF69B7272F19098A00B96AA7;
			remoteInfo = ECommerceSampleApp;
		};
		FF69B7422F19098B00B96AA7 /* PBXContainerItemProxy */ = {
			isa = PBXContainerItemProxy;
			containerPortal = FF69B7202F19098A00B96AA7 /* Project object */;
			proxyType = 1;
			remoteGlobalIDString = FF69B7272F19098A00B96AA7;
			remoteInfo = ECommerceSampleApp;
		};
/* End PBXContainerItemProxy section */

/* Begin PBXFileReference section */
		FF03B2542F1CF1F800BDF52C /* promotion.json */ = {isa = PBXFileReference; lastKnownFileType = text.json; path = promotion.json; sourceTree = "<group>"; };
		FF69B7282F19098A00B96AA7 /* ECommerceSampleApp.app */ = {isa = PBXFileReference; explicitFileType = wrapper.application; includeInIndex = 0; path = ECommerceSampleApp.app; sourceTree = BUILT_PRODUCTS_DIR; };
		FF69B7372F19098B00B96AA7 /* ECommerceSampleAppTests.xctest */ = {isa = PBXFileReference; explicitFileType = wrapper.cfbundle; includeInIndex = 0; path = ECommerceSampleAppTests.xctest; sourceTree = BUILT_PRODUCTS_DIR; };
		FF69B7412F19098B00B96AA7 /* ECommerceSampleAppUITests.xctest */ = {isa = PBXFileReference; explicitFileType = wrapper.cfbundle; includeInIndex = 0; path = ECommerceSampleAppUITests.xctest; sourceTree = BUILT_PRODUCTS_DIR; };
		FFFEA6C92F19733A00F4E9BC /* data.json */ = {isa = PBXFileReference; lastKnownFileType = text.json; path = data.json; sourceTree = "<group>"; };
/* End PBXFileReference section */

/* Begin PBXFileSystemSynchronizedRootGroup section */
		FF69B72A2F19098A00B96AA7 /* ECommerceSampleApp */ = {
			isa = PBXFileSystemSynchronizedRootGroup;
			path = ECommerceSampleApp;
			sourceTree = "<group>";
		};
		FF69B73A2F19098B00B96AA7 /* ECommerceSampleAppTests */ = {
			isa = PBXFileSystemSynchronizedRootGroup;
			path = ECommerceSampleAppTests;
			sourceTree = "<group>";
		};
		FF69B7442F19098B00B96AA7 /* ECommerceSampleAppUITests */ = {
			isa = PBXFileSystemSynchronizedRootGroup;
			path = ECommerceSampleAppUITests;
			sourceTree = "<group>";
		};
/* End PBXFileSystemSynchronizedRootGroup section */

/* Begin PBXFrameworksBuildPhase section */
		FF69B7252F19098A00B96AA7 /* Frameworks */ = {
			isa = PBXFrameworksBuildPhase;
			buildActionMask = 2147483647;
			files = (
			);
			runOnlyForDeploymentPostprocessing = 0;
		};
		FF69B7342F19098B00B96AA7 /* Frameworks */ = {
			isa = PBXFrameworksBuildPhase;
			buildActionMask = 2147483647;
			files = (
			);
			runOnlyForDeploymentPostprocessing = 0;
		};
		FF69B73E2F19098B00B96AA7 /* Frameworks */ = {
			isa = PBXFrameworksBuildPhase;
			buildActionMask = 2147483647;
			files = (
			);
			runOnlyForDeploymentPostprocessing = 0;
		};
/* End PBXFrameworksBuildPhase section */

/* Begin PBXGroup section */
		FF69B71F2F19098A00B96AA7 = {
			isa = PBXGroup;
			children = (
				FFFEA6C92F19733A00F4E9BC /* data.json */,
				FF03B2542F1CF1F800BDF52C /* promotion.json */,
				FF69B72A2F19098A00B96AA7 /* ECommerceSampleApp */,
				FF69B73A2F19098B00B96AA7 /* ECommerceSampleAppTests */,
				FF69B7442F19098B00B96AA7 /* ECommerceSampleAppUITests */,
				FF69B7292F19098A00B96AA7 /* Products */,
			);
			sourceTree = "<group>";
		};
		FF69B7292F19098A00B96AA7 /* Products */ = {
			isa = PBXGroup;
			children = (
				FF69B7282F19098A00B96AA7 /* ECommerceSampleApp.app */,
				FF69B7372F19098B00B96AA7 /* ECommerceSampleAppTests.xctest */,
				FF69B7412F19098B00B96AA7 /* ECommerceSampleAppUITests.xctest */,
			);
			name = Products;
			sourceTree = "<group>";
		};
/* End PBXGroup section */

/* Begin PBXNativeTarget section */
		FF69B7272F19098A00B96AA7 /* ECommerceSampleApp */ = {
			isa = PBXNativeTarget;
			buildConfigurationList = FF69B74B2F19098B00B96AA7 /* Build configuration list for PBXNativeTarget "ECommerceSampleApp" */;
			buildPhases = (
				FF69B7242F19098A00B96AA7 /* Sources */,
				FF69B7252F19098A00B96AA7 /* Frameworks */,
				FF69B7262F19098A00B96AA7 /* Resources */,
			);
			buildRules = (
			);
			dependencies = (
			);
			fileSystemSynchronizedGroups = (
				FF69B72A2F19098A00B96AA7 /* ECommerceSampleApp */,
			);
			name = ECommerceSampleApp;
			packageProductDependencies = (
			);
			productName = ECommerceSampleApp;
			productReference = FF69B7282F19098A00B96AA7 /* ECommerceSampleApp.app */;
			productType = "com.apple.product-type.application";
		};
		FF69B7362F19098B00B96AA7 /* ECommerceSampleAppTests */ = {
			isa = PBXNativeTarget;
			buildConfigurationList = FF69B74E2F19098B00B96AA7 /* Build configuration list for PBXNativeTarget "ECommerceSampleAppTests" */;
			buildPhases = (
				FF69B7332F19098B00B96AA7 /* Sources */,
				FF69B7342F19098B00B96AA7 /* Frameworks */,
				FF69B7352F19098B00B96AA7 /* Resources */,
			);
			buildRules = (
			);
			dependencies = (
				FF69B7392F19098B00B96AA7 /* PBXTargetDependency */,
			);
			fileSystemSynchronizedGroups = (
				FF69B73A2F19098B00B96AA7 /* ECommerceSampleAppTests */,
			);
			name = ECommerceSampleAppTests;
			packageProductDependencies = (
			);
			productName = ECommerceSampleAppTests;
			productReference = FF69B7372F19098B00B96AA7 /* ECommerceSampleAppTests.xctest */;
			productType = "com.apple.product-type.bundle.unit-test";
		};
		FF69B7402F19098B00B96AA7 /* ECommerceSampleAppUITests */ = {
			isa = PBXNativeTarget;
			buildConfigurationList = FF69B7512F19098B00B96AA7 /* Build configuration list for PBXNativeTarget "ECommerceSampleAppUITests" */;
			buildPhases = (
				FF69B73D2F19098B00B96AA7 /* Sources */,
				FF69B73E2F19098B00B96AA7 /* Frameworks */,
				FF69B73F2F19098B00B96AA7 /* Resources */,
			);
			buildRules = (
			);
			dependencies = (
				FF69B7432F19098B00B96AA7 /* PBXTargetDependency */,
			);
			fileSystemSynchronizedGroups = (
				FF69B7442F19098B00B96AA7 /* ECommerceSampleAppUITests */,
			);
			name = ECommerceSampleAppUITests;
			packageProductDependencies = (
			);
			productName = ECommerceSampleAppUITests;
			productReference = FF69B7412F19098B00B96AA7 /* ECommerceSampleAppUITests.xctest */;
			productType = "com.apple.product-type.bundle.ui-testing";
		};
/* End PBXNativeTarget section */

/* Begin PBXProject section */
		FF69B7202F19098A00B96AA7 /* Project object */ = {
			isa = PBXProject;
			attributes = {
				BuildIndependentTargetsInParallel = 1;
				LastSwiftUpdateCheck = 2620;
				LastUpgradeCheck = 2620;
				TargetAttributes = {
					FF69B7272F19098A00B96AA7 = {
						CreatedOnToolsVersion = 26.2;
					};
					FF69B7362F19098B00B96AA7 = {
						CreatedOnToolsVersion = 26.2;
						LastSwiftMigration = 2620;
						TestTargetID = FF69B7272F19098A00B96AA7;
					};
					FF69B7402F19098B00B96AA7 = {
						CreatedOnToolsVersion = 26.2;
						TestTargetID = FF69B7272F19098A00B96AA7;
					};
				};
			};
			buildConfigurationList = FF69B7232F19098A00B96AA7 /* Build configuration list for PBXProject "ECommerceSampleApp" */;
			developmentRegion = en;
			hasScannedForEncodings = 0;
			knownRegions = (
				en,
				Base,
			);
			mainGroup = FF69B71F2F19098A00B96AA7;
			minimizedProjectReferenceProxies = 1;
			preferredProjectObjectVersion = 77;
			productRefGroup = FF69B7292F19098A00B96AA7 /* Products */;
			projectDirPath = "";
			projectRoot = "";
			targets = (
				FF69B7272F19098A00B96AA7 /* ECommerceSampleApp */,
				FF69B7362F19098B00B96AA7 /* ECommerceSampleAppTests */,
				FF69B7402F19098B00B96AA7 /* ECommerceSampleAppUITests */,
			);
		};
/* End PBXProject section */

/* Begin PBXResourcesBuildPhase section */
		FF69B7262F19098A00B96AA7 /* Resources */ = {
			isa = PBXResourcesBuildPhase;
			buildActionMask = 2147483647;
			files = (
				FF03B2552F1CF1F800BDF52C /* promotion.json in Resources */,
				FFFEA6CA2F19733F00F4E9BC /* data.json in Resources */,
			);
			runOnlyForDeploymentPostprocessing = 0;
		};
		FF69B7352F19098B00B96AA7 /* Resources */ = {
			isa = PBXResourcesBuildPhase;
			buildActionMask = 2147483647;
			files = (
			);
			runOnlyForDeploymentPostprocessing = 0;
		};
		FF69B73F2F19098B00B96AA7 /* Resources */ = {
			isa = PBXResourcesBuildPhase;
			buildActionMask = 2147483647;
			files = (
			);
			runOnlyForDeploymentPostprocessing = 0;
		};
/* End PBXResourcesBuildPhase section */

/* Begin PBXSourcesBuildPhase section */
		FF69B7242F19098A00B96AA7 /* Sources */ = {
			isa = PBXSourcesBuildPhase;
			buildActionMask = 2147483647;
			files = (
			);
			runOnlyForDeploymentPostprocessing = 0;
		};
		FF69B7332F19098B00B96AA7 /* Sources */ = {
			isa = PBXSourcesBuildPhase;
			buildActionMask = 2147483647;
			files = (
			);
			runOnlyForDeploymentPostprocessing = 0;
		};
		FF69B73D2F19098B00B96AA7 /* Sources */ = {
			isa = PBXSourcesBuildPhase;
			buildActionMask = 2147483647;
			files = (
			);
			runOnlyForDeploymentPostprocessing = 0;
		};
/* End PBXSourcesBuildPhase section */

/* Begin PBXTargetDependency section */
		FF69B7392F19098B00B96AA7 /* PBXTargetDependency */ = {
			isa = PBXTargetDependency;
			target = FF69B7272F19098A00B96AA7 /* ECommerceSampleApp */;
			targetProxy = FF69B7382F19098B00B96AA7 /* PBXContainerItemProxy */;
		};
		FF69B7432F19098B00B96AA7 /* PBXTargetDependency */ = {
			isa = PBXTargetDependency;
			target = FF69B7272F19098A00B96AA7 /* ECommerceSampleApp */;
			targetProxy = FF69B7422F19098B00B96AA7 /* PBXContainerItemProxy */;
		};
/* End PBXTargetDependency section */

/* Begin XCBuildConfiguration section */
		FF69B7492F19098B00B96AA7 /* Debug */ = {
			isa = XCBuildConfiguration;
			buildSettings = {
				ALWAYS_SEARCH_USER_PATHS = NO;
				ASSETCATALOG_COMPILER_GENERATE_SWIFT_ASSET_SYMBOL_EXTENSIONS = YES;
				CLANG_ANALYZER_NONNULL = YES;
				CLANG_ANALYZER_NUMBER_OBJECT_CONVERSION = YES_AGGRESSIVE;
				CLANG_CXX_LANGUAGE_STANDARD = "gnu++20";
				CLANG_ENABLE_MODULES = YES;
				CLANG_ENABLE_OBJC_ARC = YES;
				CLANG_ENABLE_OBJC_WEAK = YES;
				CLANG_WARN_BLOCK_CAPTURE_AUTORELEASING = YES;
				CLANG_WARN_BOOL_CONVERSION = YES;
				CLANG_WARN_COMMA = YES;
				CLANG_WARN_CONSTANT_CONVERSION = YES;
				CLANG_WARN_DEPRECATED_OBJC_IMPLEMENTATIONS = YES;
				CLANG_WARN_DIRECT_OBJC_ISA_USAGE = YES_ERROR;
				CLANG_WARN_DOCUMENTATION_COMMENTS = YES;
				CLANG_WARN_EMPTY_BODY = YES;
				CLANG_WARN_ENUM_CONVERSION = YES;
				CLANG_WARN_INFINITE_RECURSION = YES;
				CLANG_WARN_INT_CONVERSION = YES;
				CLANG_WARN_NON_LITERAL_NULL_CONVERSION = YES;
				CLANG_WARN_OBJC_IMPLICIT_RETAIN_SELF = YES;
				CLANG_WARN_OBJC_LITERAL_CONVERSION = YES;
				CLANG_WARN_OBJC_ROOT_CLASS = YES_ERROR;
				CLANG_WARN_QUOTED_INCLUDE_IN_FRAMEWORK_HEADER = YES;
				CLANG_WARN_RANGE_LOOP_ANALYSIS = YES;
				CLANG_WARN_STRICT_PROTOTYPES = YES;
				CLANG_WARN_SUSPICIOUS_MOVE = YES;
				CLANG_WARN_UNGUARDED_AVAILABILITY = YES_AGGRESSIVE;
				CLANG_WARN_UNREACHABLE_CODE = YES;
				CLANG_WARN__DUPLICATE_METHOD_MATCH = YES;
				COPY_PHASE_STRIP = NO;
				DEBUG_INFORMATION_FORMAT = dwarf;
				DEVELOPMENT_TEAM = 4R7PSTBCS9;
				ENABLE_STRICT_OBJC_MSGSEND = YES;
				ENABLE_TESTABILITY = YES;
				ENABLE_USER_SCRIPT_SANDBOXING = YES;
				GCC_C_LANGUAGE_STANDARD = gnu17;
				GCC_DYNAMIC_NO_PIC = NO;
				GCC_NO_COMMON_BLOCKS = YES;
				GCC_OPTIMIZATION_LEVEL = 0;
				GCC_PREPROCESSOR_DEFINITIONS = (
					"DEBUG=1",
					"$(inherited)",
				);
				GCC_WARN_64_TO_32_BIT_CONVERSION = YES;
				GCC_WARN_ABOUT_RETURN_TYPE = YES_ERROR;
				GCC_WARN_UNDECLARED_SELECTOR = YES;
				GCC_WARN_UNINITIALIZED_AUTOS = YES_AGGRESSIVE;
				GCC_WARN_UNUSED_FUNCTION = YES;
				GCC_WARN_UNUSED_VARIABLE = YES;
				LOCALIZATION_PREFERS_STRING_CATALOGS = YES;
				MTL_ENABLE_DEBUG_INFO = INCLUDE_SOURCE;
				MTL_FAST_MATH = YES;
				ONLY_ACTIVE_ARCH = YES;
				SWIFT_ACTIVE_COMPILATION_CONDITIONS = "DEBUG $(inherited)";
				SWIFT_OPTIMIZATION_LEVEL = "-Onone";
			};
			name = Debug;
		};
		FF69B74A2F19098B00B96AA7 /* Release */ = {
			isa = XCBuildConfiguration;
			buildSettings = {
				ALWAYS_SEARCH_USER_PATHS = NO;
				ASSETCATALOG_COMPILER_GENERATE_SWIFT_ASSET_SYMBOL_EXTENSIONS = YES;
				CLANG_ANALYZER_NONNULL = YES;
				CLANG_ANALYZER_NUMBER_OBJECT_CONVERSION = YES_AGGRESSIVE;
				CLANG_CXX_LANGUAGE_STANDARD = "gnu++20";
				CLANG_ENABLE_MODULES = YES;
				CLANG_ENABLE_OBJC_ARC = YES;
				CLANG_ENABLE_OBJC_WEAK = YES;
				CLANG_WARN_BLOCK_CAPTURE_AUTORELEASING = YES;
				CLANG_WARN_BOOL_CONVERSION = YES;
				CLANG_WARN_COMMA = YES;
				CLANG_WARN_CONSTANT_CONVERSION = YES;
				CLANG_WARN_DEPRECATED_OBJC_IMPLEMENTATIONS = YES;
				CLANG_WARN_DIRECT_OBJC_ISA_USAGE = YES_ERROR;
				CLANG_WARN_DOCUMENTATION_COMMENTS = YES;
				CLANG_WARN_EMPTY_BODY = YES;
				CLANG_WARN_ENUM_CONVERSION = YES;
				CLANG_WARN_INFINITE_RECURSION = YES;
				CLANG_WARN_INT_CONVERSION = YES;
				CLANG_WARN_NON_LITERAL_NULL_CONVERSION = YES;
				CLANG_WARN_OBJC_IMPLICIT_RETAIN_SELF = YES;
				CLANG_WARN_OBJC_LITERAL_CONVERSION = YES;
				CLANG_WARN_OBJC_ROOT_CLASS = YES_ERROR;
				CLANG_WARN_QUOTED_INCLUDE_IN_FRAMEWORK_HEADER = YES;
				CLANG_WARN_RANGE_LOOP_ANALYSIS = YES;
				CLANG_WARN_STRICT_PROTOTYPES = YES;
				CLANG_WARN_SUSPICIOUS_MOVE = YES;
				CLANG_WARN_UNGUARDED_AVAILABILITY = YES_AGGRESSIVE;
				CLANG_WARN_UNREACHABLE_CODE = YES;
				CLANG_WARN__DUPLICATE_METHOD_MATCH = YES;
				COPY_PHASE_STRIP = NO;
				DEBUG_INFORMATION_FORMAT = "dwarf-with-dsym";
				DEVELOPMENT_TEAM = 4R7PSTBCS9;
				ENABLE_NS_ASSERTIONS = NO;
				ENABLE_STRICT_OBJC_MSGSEND = YES;
				ENABLE_USER_SCRIPT_SANDBOXING = YES;
				GCC_C_LANGUAGE_STANDARD = gnu17;
				GCC_NO_COMMON_BLOCKS = YES;
				GCC_WARN_64_TO_32_BIT_CONVERSION = YES;
				GCC_WARN_ABOUT_RETURN_TYPE = YES_ERROR;
				GCC_WARN_UNDECLARED_SELECTOR = YES;
				GCC_WARN_UNINITIALIZED_AUTOS = YES_AGGRESSIVE;
				GCC_WARN_UNUSED_FUNCTION = YES;
				GCC_WARN_UNUSED_VARIABLE = YES;
				LOCALIZATION_PREFERS_STRING_CATALOGS = YES;
				MTL_ENABLE_DEBUG_INFO = NO;
				MTL_FAST_MATH = YES;
				SWIFT_COMPILATION_MODE = wholemodule;
			};
			name = Release;
		};
		FF69B74C2F19098B00B96AA7 /* Debug */ = {
			isa = XCBuildConfiguration;
			buildSettings = {
				ASSETCATALOG_COMPILER_APPICON_NAME = AppIcon;
				ASSETCATALOG_COMPILER_GLOBAL_ACCENT_COLOR_NAME = AccentColor;
				CODE_SIGN_STYLE = Automatic;
				CURRENT_PROJECT_VERSION = 1;
				DEVELOPMENT_TEAM = 4R7PSTBCS9;
				ENABLE_APP_SANDBOX = YES;
				ENABLE_HARDENED_RUNTIME = YES;
				ENABLE_PREVIEWS = YES;
				ENABLE_USER_SELECTED_FILES = readonly;
				GENERATE_INFOPLIST_FILE = YES;
				"INFOPLIST_KEY_UIApplicationSceneManifest_Generation[sdk=iphoneos*]" = YES;
				"INFOPLIST_KEY_UIApplicationSceneManifest_Generation[sdk=iphonesimulator*]" = YES;
				"INFOPLIST_KEY_UIApplicationSupportsIndirectInputEvents[sdk=iphoneos*]" = YES;
				"INFOPLIST_KEY_UIApplicationSupportsIndirectInputEvents[sdk=iphonesimulator*]" = YES;
				"INFOPLIST_KEY_UILaunchScreen_Generation[sdk=iphoneos*]" = YES;
				"INFOPLIST_KEY_UILaunchScreen_Generation[sdk=iphonesimulator*]" = YES;
				"INFOPLIST_KEY_UIStatusBarStyle[sdk=iphoneos*]" = UIStatusBarStyleDefault;
				"INFOPLIST_KEY_UIStatusBarStyle[sdk=iphonesimulator*]" = UIStatusBarStyleDefault;
				INFOPLIST_KEY_UISupportedInterfaceOrientations_iPad = "UIInterfaceOrientationPortrait UIInterfaceOrientationPortraitUpsideDown UIInterfaceOrientationLandscapeLeft UIInterfaceOrientationLandscapeRight";
				INFOPLIST_KEY_UISupportedInterfaceOrientations_iPhone = "UIInterfaceOrientationPortrait UIInterfaceOrientationLandscapeLeft UIInterfaceOrientationLandscapeRight";
				IPHONEOS_DEPLOYMENT_TARGET = 18;
				LD_RUNPATH_SEARCH_PATHS = "@executable_path/Frameworks";
				"LD_RUNPATH_SEARCH_PATHS[sdk=macosx*]" = "@executable_path/../Frameworks";
				MACOSX_DEPLOYMENT_TARGET = 15.7;
				MARKETING_VERSION = 1.0;
				PRODUCT_BUNDLE_IDENTIFIER = com.karlsigiscar.ECommerceSampleApp;
				PRODUCT_NAME = "$(TARGET_NAME)";
				REGISTER_APP_GROUPS = YES;
				SDKROOT = auto;
				STRING_CATALOG_GENERATE_SYMBOLS = YES;
				SUPPORTED_PLATFORMS = "appletvos appletvsimulator iphoneos iphonesimulator";
				SUPPORTS_MACCATALYST = NO;
				SWIFT_APPROACHABLE_CONCURRENCY = YES;
				SWIFT_DEFAULT_ACTOR_ISOLATION = MainActor;
				SWIFT_EMIT_LOC_STRINGS = YES;
				SWIFT_UPCOMING_FEATURE_MEMBER_IMPORT_VISIBILITY = YES;
				SWIFT_VERSION = 5.0;
				TARGETED_DEVICE_FAMILY = "1,3";
				XROS_DEPLOYMENT_TARGET = 26.2;
			};
			name = Debug;
		};
		FF69B74D2F19098B00B96AA7 /* Release */ = {
			isa = XCBuildConfiguration;
			buildSettings = {
				ASSETCATALOG_COMPILER_APPICON_NAME = AppIcon;
				ASSETCATALOG_COMPILER_GLOBAL_ACCENT_COLOR_NAME = AccentColor;
				CODE_SIGN_STYLE = Automatic;
				CURRENT_PROJECT_VERSION = 1;
				DEVELOPMENT_TEAM = 4R7PSTBCS9;
				ENABLE_APP_SANDBOX = YES;
				ENABLE_HARDENED_RUNTIME = YES;
				ENABLE_PREVIEWS = YES;
				ENABLE_USER_SELECTED_FILES = readonly;
				GENERATE_INFOPLIST_FILE = YES;
				"INFOPLIST_KEY_UIApplicationSceneManifest_Generation[sdk=iphoneos*]" = YES;
				"INFOPLIST_KEY_UIApplicationSceneManifest_Generation[sdk=iphonesimulator*]" = YES;
				"INFOPLIST_KEY_UIApplicationSupportsIndirectInputEvents[sdk=iphoneos*]" = YES;
				"INFOPLIST_KEY_UIApplicationSupportsIndirectInputEvents[sdk=iphonesimulator*]" = YES;
				"INFOPLIST_KEY_UILaunchScreen_Generation[sdk=iphoneos*]" = YES;
				"INFOPLIST_KEY_UILaunchScreen_Generation[sdk=iphonesimulator*]" = YES;
				"INFOPLIST_KEY_UIStatusBarStyle[sdk=iphoneos*]" = UIStatusBarStyleDefault;
				"INFOPLIST_KEY_UIStatusBarStyle[sdk=iphonesimulator*]" = UIStatusBarStyleDefault;
				INFOPLIST_KEY_UISupportedInterfaceOrientations_iPad = "UIInterfaceOrientationPortrait UIInterfaceOrientationPortraitUpsideDown UIInterfaceOrientationLandscapeLeft UIInterfaceOrientationLandscapeRight";
				INFOPLIST_KEY_UISupportedInterfaceOrientations_iPhone = "UIInterfaceOrientationPortrait UIInterfaceOrientationLandscapeLeft UIInterfaceOrientationLandscapeRight";
				IPHONEOS_DEPLOYMENT_TARGET = 18;
				LD_RUNPATH_SEARCH_PATHS = "@executable_path/Frameworks";
				"LD_RUNPATH_SEARCH_PATHS[sdk=macosx*]" = "@executable_path/../Frameworks";
				MACOSX_DEPLOYMENT_TARGET = 15.7;
				MARKETING_VERSION = 1.0;
				PRODUCT_BUNDLE_IDENTIFIER = com.karlsigiscar.ECommerceSampleApp;
				PRODUCT_NAME = "$(TARGET_NAME)";
				REGISTER_APP_GROUPS = YES;
				SDKROOT = auto;
				STRING_CATALOG_GENERATE_SYMBOLS = YES;
				SUPPORTED_PLATFORMS = "appletvos appletvsimulator iphoneos iphonesimulator";
				SUPPORTS_MACCATALYST = NO;
				SWIFT_APPROACHABLE_CONCURRENCY = YES;
				SWIFT_DEFAULT_ACTOR_ISOLATION = MainActor;
				SWIFT_EMIT_LOC_STRINGS = YES;
				SWIFT_UPCOMING_FEATURE_MEMBER_IMPORT_VISIBILITY = YES;
				SWIFT_VERSION = 5.0;
				TARGETED_DEVICE_FAMILY = "1,3";
				XROS_DEPLOYMENT_TARGET = 26.2;
			};
			name = Release;
		};
		FF69B74F2F19098B00B96AA7 /* Debug */ = {
			isa = XCBuildConfiguration;
			buildSettings = {
				BUNDLE_LOADER = "$(TEST_HOST)";
				CLANG_ENABLE_MODULES = YES;
				CODE_SIGN_STYLE = Automatic;
				CURRENT_PROJECT_VERSION = 1;
				DEVELOPMENT_TEAM = 4R7PSTBCS9;
				GENERATE_INFOPLIST_FILE = YES;
				IPHONEOS_DEPLOYMENT_TARGET = 18;
				MACOSX_DEPLOYMENT_TARGET = 15.7;
				MARKETING_VERSION = 1.0;
				PRODUCT_BUNDLE_IDENTIFIER = com.karlsigiscar.ECommerceSampleAppTests;
				PRODUCT_NAME = "$(TARGET_NAME)";
				SDKROOT = auto;
				STRING_CATALOG_GENERATE_SYMBOLS = NO;
				SUPPORTED_PLATFORMS = "iphoneos iphonesimulator macosx xros xrsimulator";
				SWIFT_APPROACHABLE_CONCURRENCY = YES;
				SWIFT_EMIT_LOC_STRINGS = NO;
				SWIFT_OPTIMIZATION_LEVEL = "-Onone";
				SWIFT_UPCOMING_FEATURE_MEMBER_IMPORT_VISIBILITY = YES;
				SWIFT_VERSION = 5.0;
				TARGETED_DEVICE_FAMILY = "1,2,7";
				TEST_HOST = "$(BUILT_PRODUCTS_DIR)/ECommerceSampleApp.app/$(BUNDLE_EXECUTABLE_FOLDER_PATH)/ECommerceSampleApp";
				XROS_DEPLOYMENT_TARGET = 26.2;
			};
			name = Debug;
		};
		FF69B7502F19098B00B96AA7 /* Release */ = {
			isa = XCBuildConfiguration;
			buildSettings = {
				BUNDLE_LOADER = "$(TEST_HOST)";
				CLANG_ENABLE_MODULES = YES;
				CODE_SIGN_STYLE = Automatic;
				CURRENT_PROJECT_VERSION = 1;
				DEVELOPMENT_TEAM = 4R7PSTBCS9;
				GENERATE_INFOPLIST_FILE = YES;
				IPHONEOS_DEPLOYMENT_TARGET = 18;
				MACOSX_DEPLOYMENT_TARGET = 15.7;
				MARKETING_VERSION = 1.0;
				PRODUCT_BUNDLE_IDENTIFIER = com.karlsigiscar.ECommerceSampleAppTests;
				PRODUCT_NAME = "$(TARGET_NAME)";
				SDKROOT = auto;
				STRING_CATALOG_GENERATE_SYMBOLS = NO;
				SUPPORTED_PLATFORMS = "iphoneos iphonesimulator macosx xros xrsimulator";
				SWIFT_APPROACHABLE_CONCURRENCY = YES;
				SWIFT_EMIT_LOC_STRINGS = NO;
				SWIFT_UPCOMING_FEATURE_MEMBER_IMPORT_VISIBILITY = YES;
				SWIFT_VERSION = 5.0;
				TARGETED_DEVICE_FAMILY = "1,2,7";
				TEST_HOST = "$(BUILT_PRODUCTS_DIR)/ECommerceSampleApp.app/$(BUNDLE_EXECUTABLE_FOLDER_PATH)/ECommerceSampleApp";
				XROS_DEPLOYMENT_TARGET = 26.2;
			};
			name = Release;
		};
		FF69B7522F19098B00B96AA7 /* Debug */ = {
			isa = XCBuildConfiguration;
			buildSettings = {
				CODE_SIGN_STYLE = Automatic;
				CURRENT_PROJECT_VERSION = 1;
				DEVELOPMENT_TEAM = 4R7PSTBCS9;
				GENERATE_INFOPLIST_FILE = YES;
				IPHONEOS_DEPLOYMENT_TARGET = 18;
				MACOSX_DEPLOYMENT_TARGET = 15.7;
				MARKETING_VERSION = 1.0;
				PRODUCT_BUNDLE_IDENTIFIER = com.karlsigiscar.ECommerceSampleAppUITests;
				PRODUCT_NAME = "$(TARGET_NAME)";
				SDKROOT = auto;
				STRING_CATALOG_GENERATE_SYMBOLS = NO;
				SUPPORTED_PLATFORMS = "iphoneos iphonesimulator macosx xros xrsimulator";
				SWIFT_APPROACHABLE_CONCURRENCY = YES;
				SWIFT_EMIT_LOC_STRINGS = NO;
				SWIFT_UPCOMING_FEATURE_MEMBER_IMPORT_VISIBILITY = YES;
				SWIFT_VERSION = 5.0;
				TARGETED_DEVICE_FAMILY = "1,2,7";
				TEST_TARGET_NAME = ECommerceSampleApp;
				XROS_DEPLOYMENT_TARGET = 18;
			};
			name = Debug;
		};
		FF69B7532F19098B00B96AA7 /* Release */ = {
			isa = XCBuildConfiguration;
			buildSettings = {
				CODE_SIGN_STYLE = Automatic;
				CURRENT_PROJECT_VERSION = 1;
				DEVELOPMENT_TEAM = 4R7PSTBCS9;
				GENERATE_INFOPLIST_FILE = YES;
				IPHONEOS_DEPLOYMENT_TARGET = 18;
				MACOSX_DEPLOYMENT_TARGET = 15.7;
				MARKETING_VERSION = 1.0;
				PRODUCT_BUNDLE_IDENTIFIER = com.karlsigiscar.ECommerceSampleAppUITests;
				PRODUCT_NAME = "$(TARGET_NAME)";
				SDKROOT = auto;
				STRING_CATALOG_GENERATE_SYMBOLS = NO;
				SUPPORTED_PLATFORMS = "iphoneos iphonesimulator macosx xros xrsimulator";
				SWIFT_APPROACHABLE_CONCURRENCY = YES;
				SWIFT_EMIT_LOC_STRINGS = NO;
				SWIFT_UPCOMING_FEATURE_MEMBER_IMPORT_VISIBILITY = YES;
				SWIFT_VERSION = 5.0;
				TARGETED_DEVICE_FAMILY = "1,2,7";
				TEST_TARGET_NAME = ECommerceSampleApp;
				XROS_DEPLOYMENT_TARGET = 18;
			};
			name = Release;
		};
/* End XCBuildConfiguration section */

/* Begin XCConfigurationList section */
		FF69B7232F19098A00B96AA7 /* Build configuration list for PBXProject "ECommerceSampleApp" */ = {
			isa = XCConfigurationList;
			buildConfigurations = (
				FF69B7492F19098B00B96AA7 /* Debug */,
				FF69B74A2F19098B00B96AA7 /* Release */,
			);
			defaultConfigurationIsVisible = 0;
			defaultConfigurationName = Release;
		};
		FF69B74B2F19098B00B96AA7 /* Build configuration list for PBXNativeTarget "ECommerceSampleApp" */ = {
			isa = XCConfigurationList;
			buildConfigurations = (
				FF69B74C2F19098B00B96AA7 /* Debug */,
				FF69B74D2F19098B00B96AA7 /* Release */,
			);
			defaultConfigurationIsVisible = 0;
			defaultConfigurationName = Release;
		};
		FF69B74E2F19098B00B96AA7 /* Build configuration list for PBXNativeTarget "ECommerceSampleAppTests" */ = {
			isa = XCConfigurationList;
			buildConfigurations = (
				FF69B74F2F19098B00B96AA7 /* Debug */,
				FF69B7502F19098B00B96AA7 /* Release */,
			);
			defaultConfigurationIsVisible = 0;
			defaultConfigurationName = Release;
		};
		FF69B7512F19098B00B96AA7 /* Build configuration list for PBXNativeTarget "ECommerceSampleAppUITests" */ = {
			isa = XCConfigurationList;
			buildConfigurations = (
				FF69B7522F19098B00B96AA7 /* Debug */,
				FF69B7532F19098B00B96AA7 /* Release */,
			);
			defaultConfigurationIsVisible = 0;
			defaultConfigurationName = Release;
		};
/* End XCConfigurationList section */
	};
	rootObject = FF69B7202F19098A00B96AA7 /* Project object */;
}
